
Microsoft Visual Studio Solution File, Format Version 12.00
# Visual Studio Version 17
VisualStudioVersion = 17.10.35027.167
MinimumVisualStudioVersion = 10.0.40219.1
Project("{FAE04EC0-301F-11D3-BF4B-00C04F79EFBC}") = "IlkSınıfımızıOlusturuyoruz", "IlkSınıfımızıOlusturuyoruz\IlkSınıfımızıOlusturuyoruz.csproj", "{A6A59CEE-4E8C-4E14-9C42-8232BE4FECA8}"
EndProject
Global
	GlobalSection(SolutionConfigurationPlatforms) = preSolution
		Debug|Any CPU = Debug|Any CPU
		Release|Any CPU = Release|Any CPU
	EndGlobalSection
	GlobalSection(ProjectConfigurationPlatforms) = postSolution
		{A6A59CEE-4E8C-4E14-9C42-8232BE4FECA8}.Debug|Any CPU.ActiveCfg = Debug|Any CPU
		{A6A59CEE-4E8C-4E14-9C42-8232BE4FECA8}.Debug|Any CPU.Build.0 = Debug|Any CPU
		{A6A59CEE-4E8C-4E14-9C42-8232BE4FECA8}.Release|Any CPU.ActiveCfg = Release|Any CPU
		{A6A59CEE-4E8C-4E14-9C42-8232BE4FECA8}.Release|Any CPU.Build.0 = Release|Any CPU
	EndGlobalSection
	GlobalSection(SolutionProperties) = preSolution
		HideSolutionNode = FALSE
	EndGlobalSection
	GlobalSection(ExtensibilityGlobals) = postSolution
		SolutionGuid = {AC225B40-8E4D-4A5C-913B-77893DC5B08B}
	EndGlobalSection
EndGlobal
